# THIS IS AN AUTOGENERATED FILE. DO NOT EDIT THIS FILE DIRECTLY.
# yarn lockfile v1


aplayer@^1.10.1:
  version "1.10.1"
  resolved "https://registry.yarnpkg.com/aplayer/-/aplayer-1.10.1.tgz#318289206107452cc39e8f552fa6cc6cb459a90c"
  integrity sha512-HAfyxgCUTLAqtYlxzzK9Fyqg6y+kZ9CqT1WfeWE8FSzwspT6oBqWOZHANPHF3RGTtC33IsyEgrfthPDzU5r9kQ==
  dependencies:
    balloon-css "^0.5.0"
    promise-polyfill "7.1.0"
    smoothscroll "0.4.0"

balloon-css@^0.5.0:
  version "0.5.2"
  resolved "https://registry.yarnpkg.com/balloon-css/-/balloon-css-0.5.2.tgz#9e2163565a136c9d4aa20e8400772ce3b738d3ff"
  integrity sha512-zheJpzwyNrG4t39vusA67v3BYg1HTVXOF8cErPEHzWK88PEOFwgo6Ea9VHOgOWNMgeuOtFVtB73NE2NWl9uDyQ==

deepmerge@^4.0.0:
  version "4.2.2"
  resolved "https://registry.yarnpkg.com/deepmerge/-/deepmerge-4.2.2.tgz#44d2ea3679b8f4d4ffba33f03d865fc1e7bf4955"
  integrity sha512-FJ3UgI4gIl+PHZm53knsuSFpE+nESMr7M4v9QcgB7S63Kj/6WqMiFQJpBBYz1Pt+66bZpP3Q7Lye0Oo9MPKEdg==

"js-tokens@^3.0.0 || ^4.0.0":
  version "4.0.0"
  resolved "https://registry.yarnpkg.com/js-tokens/-/js-tokens-4.0.0.tgz#19203fb59991df98e3a287050d4647cdeaf32499"
  integrity sha512-RdJUflcE3cUzKiMqQgsCu06FPu9UdIJO0beYbPhHN4k6apgJtifcoCtT9bcxOpYBtpD2kCM6Sbzg4CausW/PKQ==

load-script@^1.0.0:
  version "1.0.0"
  resolved "https://registry.yarnpkg.com/load-script/-/load-script-1.0.0.tgz#0491939e0bee5643ee494a7e3da3d2bac70c6ca4"
  integrity sha1-BJGTngvuVkPuSUp+PaPSuscMbKQ=

loose-envify@^1.4.0:
  version "1.4.0"
  resolved "https://registry.yarnpkg.com/loose-envify/-/loose-envify-1.4.0.tgz#71ee51fa7be4caec1a63839f7e682d8132d30caf"
  integrity sha512-lyuxPGr/Wfhrlem2CL/UcnUc1zcqKAImBDzukY7Y5F/yQiNdko6+fRLevlw1HgMySw7f611UIY408EtxRSoK3Q==
  dependencies:
    js-tokens "^3.0.0 || ^4.0.0"

object-assign@^4.1.1:
  version "4.1.1"
  resolved "https://registry.yarnpkg.com/object-assign/-/object-assign-4.1.1.tgz#2109adc7965887cfc05cbbd442cac8bfbb360863"
  integrity sha1-IQmtx5ZYh8/AXLvUQsrIv7s2CGM=

promise-polyfill@7.1.0:
  version "7.1.0"
  resolved "https://registry.yarnpkg.com/promise-polyfill/-/promise-polyfill-7.1.0.tgz#4d749485b44577c14137591c6f36e5d7e2dd3378"
  integrity sha512-P6NJ2wU/8fac44ENORsuqT8TiolKGB2u0fEClPtXezn7w5cmLIjM/7mhPlTebke2EPr6tmqZbXvnX0TxwykGrg==

prop-types@^15.7.2:
  version "15.7.2"
  resolved "https://registry.yarnpkg.com/prop-types/-/prop-types-15.7.2.tgz#52c41e75b8c87e72b9d9360e0206b99dcbffa6c5"
  integrity sha512-8QQikdH7//R2vurIJSutZ1smHYTcLpRWEOlHnzcWHmBYrOGUysKwSsrC89BCiFj3CbrfJ/nXFdJepOVrY1GCHQ==
  dependencies:
    loose-envify "^1.4.0"
    object-assign "^4.1.1"
    react-is "^16.8.1"

react-is@^16.8.1:
  version "16.12.0"
  resolved "https://registry.yarnpkg.com/react-is/-/react-is-16.12.0.tgz#2cc0fe0fba742d97fd527c42a13bec4eeb06241c"
  integrity sha512-rPCkf/mWBtKc97aLL9/txD8DZdemK0vkA3JMLShjlJB3Pj3s+lpf1KaBzMfQrAmhMQB0n1cU/SUGgKKBCe837Q==

react-player@^1.15.2:
  version "1.15.2"
  resolved "https://registry.yarnpkg.com/react-player/-/react-player-1.15.2.tgz#b348df962dbdba39242e8c6edef1df479531a00b"
  integrity sha512-8KWo2ZQU9OnTx5Yp7eKRh/jGadSc436MOqJ+7c7RryfOXeuY938yZ2Osvh6bZY+etMWXDBHqXm14Vv9SoGb68g==
  dependencies:
    deepmerge "^4.0.0"
    load-script "^1.0.0"
    prop-types "^15.7.2"

smoothscroll@0.4.0:
  version "0.4.0"
  resolved "https://registry.yarnpkg.com/smoothscroll/-/smoothscroll-0.4.0.tgz#40e507b46461408ba1b787d0081e1e883c4124a5"
  integrity sha512-sggQ3U2Un38b3+q/j1P4Y4fCboCtoUIaBYoge+Lb6Xg1H8RTIif/hugVr+ErMtIDpvBbhQfTjtiTeYAfbw1ZGQ==
